// !$*UTF8*$!
{
	archiveVersion = 1;
	classes = {
	};
	objectVersion = 50;
	objects = {

/* Begin PBXBuildFile section */
		101E6DAF258FC95F00BD9943 /* Configure.swift in Sources */ = {isa = PBXBuildFile; fileRef = 101E6DAE258FC95F00BD9943 /* Configure.swift */; };
		101E6DF2258FCBB200BD9943 /* AutoLayout.swift in Sources */ = {isa = PBXBuildFile; fileRef = 101E6DF1258FCBB200BD9943 /* AutoLayout.swift */; };
		10CFF934258FDF0E005F7950 /* UITableView+Extension.swift in Sources */ = {isa = PBXBuildFile; fileRef = 10CFF933258FDF0E005F7950 /* UITableView+Extension.swift */; };
		10CFF938258FDF46005F7950 /* UIView+Extension.swift in Sources */ = {isa = PBXBuildFile; fileRef = 10CFF937258FDF46005F7950 /* UIView+Extension.swift */; };
		10CFF97A258FE991005F7950 /* Constants.swift in Sources */ = {isa = PBXBuildFile; fileRef = 10CFF979258FE991005F7950 /* Constants.swift */; };
		10CFFA4E2590B12B005F7950 /* UIScrollVIew+Extension.swift in Sources */ = {isa = PBXBuildFile; fileRef = 10CFFA4D2590B12B005F7950 /* UIScrollVIew+Extension.swift */; };
		3495CFF12476DA1E00813E94 /* Common.framework in Frameworks */ = {isa = PBXBuildFile; fileRef = 3495CFE72476DA1E00813E94 /* Common.framework */; };
		3495CFF62476DA1E00813E94 /* CommonTests.swift in Sources */ = {isa = PBXBuildFile; fileRef = 3495CFF52476DA1E00813E94 /* CommonTests.swift */; };
		3495CFF82476DA1E00813E94 /* Common.h in Headers */ = {isa = PBXBuildFile; fileRef = 3495CFEA2476DA1E00813E94 /* Common.h */; settings = {ATTRIBUTES = (Public, ); }; };
		3495D0162476DAC000813E94 /* Logger.swift in Sources */ = {isa = PBXBuildFile; fileRef = 3495D0152476DAC000813E94 /* Logger.swift */; };
		E42052317C1704BD250762DE /* Pods_Common.framework in Frameworks */ = {isa = PBXBuildFile; fileRef = AD9556715B90036B817082A6 /* Pods_Common.framework */; };
/* End PBXBuildFile section */

/* Begin PBXContainerItemProxy section */
		3495CFF22476DA1E00813E94 /* PBXContainerItemProxy */ = {
			isa = PBXContainerItemProxy;
			containerPortal = 3495CFDE2476DA1E00813E94 /* Project object */;
			proxyType = 1;
			remoteGlobalIDString = 3495CFE62476DA1E00813E94;
			remoteInfo = Common;
		};
/* End PBXContainerItemProxy section */

/* Begin PBXFileReference section */
		101E6DAE258FC95F00BD9943 /* Configure.swift */ = {isa = PBXFileReference; lastKnownFileType = sourcecode.swift; path = Configure.swift; sourceTree = "<group>"; };
		101E6DF1258FCBB200BD9943 /* AutoLayout.swift */ = {isa = PBXFileReference; lastKnownFileType = sourcecode.swift; path = AutoLayout.swift; sourceTree = "<group>"; };
		10CFF933258FDF0E005F7950 /* UITableView+Extension.swift */ = {isa = PBXFileReference; lastKnownFileType = sourcecode.swift; path = "UITableView+Extension.swift"; sourceTree = "<group>"; };
		10CFF937258FDF46005F7950 /* UIView+Extension.swift */ = {isa = PBXFileReference; lastKnownFileType = sourcecode.swift; path = "UIView+Extension.swift"; sourceTree = "<group>"; };
		10CFF979258FE991005F7950 /* Constants.swift */ = {isa = PBXFileReference; lastKnownFileType = sourcecode.swift; path = Constants.swift; sourceTree = "<group>"; };
		10CFFA4D2590B12B005F7950 /* UIScrollVIew+Extension.swift */ = {isa = PBXFileReference; lastKnownFileType = sourcecode.swift; path = "UIScrollVIew+Extension.swift"; sourceTree = "<group>"; };
		3495CFE72476DA1E00813E94 /* Common.framework */ = {isa = PBXFileReference; explicitFileType = wrapper.framework; includeInIndex = 0; path = Common.framework; sourceTree = BUILT_PRODUCTS_DIR; };
		3495CFEA2476DA1E00813E94 /* Common.h */ = {isa = PBXFileReference; lastKnownFileType = sourcecode.c.h; path = Common.h; sourceTree = "<group>"; };
		3495CFEB2476DA1E00813E94 /* Info.plist */ = {isa = PBXFileReference; lastKnownFileType = text.plist.xml; path = Info.plist; sourceTree = "<group>"; };
		3495CFF02476DA1E00813E94 /* CommonTests.xctest */ = {isa = PBXFileReference; explicitFileType = wrapper.cfbundle; includeInIndex = 0; path = CommonTests.xctest; sourceTree = BUILT_PRODUCTS_DIR; };
		3495CFF52476DA1E00813E94 /* CommonTests.swift */ = {isa = PBXFileReference; lastKnownFileType = sourcecode.swift; path = CommonTests.swift; sourceTree = "<group>"; };
		3495CFF72476DA1E00813E94 /* Info.plist */ = {isa = PBXFileReference; lastKnownFileType = text.plist.xml; path = Info.plist; sourceTree = "<group>"; };
		3495D0152476DAC000813E94 /* Logger.swift */ = {isa = PBXFileReference; lastKnownFileType = sourcecode.swift; path = Logger.swift; sourceTree = "<group>"; };
		4655414BC0CABBF2C57CC480 /* Pods-Common.release.xcconfig */ = {isa = PBXFileReference; includeInIndex = 1; lastKnownFileType = text.xcconfig; name = "Pods-Common.release.xcconfig"; path = "Target Support Files/Pods-Common/Pods-Common.release.xcconfig"; sourceTree = "<group>"; };
		66952CE4A3193714B454998B /* Pods-Common.debug.xcconfig */ = {isa = PBXFileReference; includeInIndex = 1; lastKnownFileType = text.xcconfig; name = "Pods-Common.debug.xcconfig"; path = "Target Support Files/Pods-Common/Pods-Common.debug.xcconfig"; sourceTree = "<group>"; };
		AD9556715B90036B817082A6 /* Pods_Common.framework */ = {isa = PBXFileReference; explicitFileType = wrapper.framework; includeInIndex = 0; path = Pods_Common.framework; sourceTree = BUILT_PRODUCTS_DIR; };
/* End PBXFileReference section */

/* Begin PBXFrameworksBuildPhase section */
		3495CFE42476DA1E00813E94 /* Frameworks */ = {
			isa = PBXFrameworksBuildPhase;
			buildActionMask = 2147483647;
			files = (
				E42052317C1704BD250762DE /* Pods_Common.framework in Frameworks */,
			);
			runOnlyForDeploymentPostprocessing = 0;
		};
		3495CFED2476DA1E00813E94 /* Frameworks */ = {
			isa = PBXFrameworksBuildPhase;
			buildActionMask = 2147483647;
			files = (
				3495CFF12476DA1E00813E94 /* Common.framework in Frameworks */,
			);
			runOnlyForDeploymentPostprocessing = 0;
		};
/* End PBXFrameworksBuildPhase section */

/* Begin PBXGroup section */
		00FD386E139772A4904901D9 /* Pods */ = {
			isa = PBXGroup;
			children = (
				66952CE4A3193714B454998B /* Pods-Common.debug.xcconfig */,
				4655414BC0CABBF2C57CC480 /* Pods-Common.release.xcconfig */,
			);
			name = Pods;
			path = ../../Pods;
			sourceTree = "<group>";
		};
		101E6DF0258FCB9500BD9943 /* PropertyWrapper */ = {
			isa = PBXGroup;
			children = (
				101E6DF1258FCBB200BD9943 /* AutoLayout.swift */,
			);
			path = PropertyWrapper;
			sourceTree = "<group>";
		};
		346A079B24812F1E003F2DFA /* Extensions */ = {
			isa = PBXGroup;
			children = (
				10CFF933258FDF0E005F7950 /* UITableView+Extension.swift */,
				10CFF937258FDF46005F7950 /* UIView+Extension.swift */,
				10CFFA4D2590B12B005F7950 /* UIScrollVIew+Extension.swift */,
			);
			path = Extensions;
			sourceTree = "<group>";
		};
		3495CFDD2476DA1E00813E94 = {
			isa = PBXGroup;
			children = (
				3495CFE92476DA1E00813E94 /* Common */,
				3495CFF42476DA1E00813E94 /* CommonTests */,
				3495CFE82476DA1E00813E94 /* Products */,
				00FD386E139772A4904901D9 /* Pods */,
				8418075B8202525CE8C8A850 /* Frameworks */,
			);
			sourceTree = "<group>";
		};
		3495CFE82476DA1E00813E94 /* Products */ = {
			isa = PBXGroup;
			children = (
				3495CFE72476DA1E00813E94 /* Common.framework */,
				3495CFF02476DA1E00813E94 /* CommonTests.xctest */,
			);
			name = Products;
			sourceTree = "<group>";
		};
		3495CFE92476DA1E00813E94 /* Common */ = {
			isa = PBXGroup;
			children = (
				101E6DF0258FCB9500BD9943 /* PropertyWrapper */,
				346A079B24812F1E003F2DFA /* Extensions */,
				3495CFEA2476DA1E00813E94 /* Common.h */,
				3495CFEB2476DA1E00813E94 /* Info.plist */,
				3495D0152476DAC000813E94 /* Logger.swift */,
				101E6DAE258FC95F00BD9943 /* Configure.swift */,
				10CFF979258FE991005F7950 /* Constants.swift */,
			);
			path = Common;
			sourceTree = "<group>";
		};
		3495CFF42476DA1E00813E94 /* CommonTests */ = {
			isa = PBXGroup;
			children = (
				3495CFF52476DA1E00813E94 /* CommonTests.swift */,
				3495CFF72476DA1E00813E94 /* Info.plist */,
			);
			path = CommonTests;
			sourceTree = "<group>";
		};
		8418075B8202525CE8C8A850 /* Frameworks */ = {
			isa = PBXGroup;
			children = (
				AD9556715B90036B817082A6 /* Pods_Common.framework */,
			);
			name = Frameworks;
			sourceTree = "<group>";
		};
/* End PBXGroup section */

/* Begin PBXHeadersBuildPhase section */
		3495CFE22476DA1E00813E94 /* Headers */ = {
			isa = PBXHeadersBuildPhase;
			buildActionMask = 2147483647;
			files = (
				3495CFF82476DA1E00813E94 /* Common.h in Headers */,
			);
			runOnlyForDeploymentPostprocessing = 0;
		};
/* End PBXHeadersBuildPhase section */

/* Begin PBXNativeTarget section */
		3495CFE62476DA1E00813E94 /* Common */ = {
			isa = PBXNativeTarget;
			buildConfigurationList = 3495CFFB2476DA1E00813E94 /* Build configuration list for PBXNativeTarget "Common" */;
			buildPhases = (
				8C24810B6D782DD9BD159F9E /* [CP] Check Pods Manifest.lock */,
				3495CFE22476DA1E00813E94 /* Headers */,
				3495CFE32476DA1E00813E94 /* Sources */,
				3495CFE42476DA1E00813E94 /* Frameworks */,
				3495CFE52476DA1E00813E94 /* Resources */,
			);
			buildRules = (
			);
			dependencies = (
			);
			name = Common;
			productName = Common;
			productReference = 3495CFE72476DA1E00813E94 /* Common.framework */;
			productType = "com.apple.product-type.framework";
		};
		3495CFEF2476DA1E00813E94 /* CommonTests */ = {
			isa = PBXNativeTarget;
			buildConfigurationList = 3495CFFE2476DA1E00813E94 /* Build configuration list for PBXNativeTarget "CommonTests" */;
			buildPhases = (
				3495CFEC2476DA1E00813E94 /* Sources */,
				3495CFED2476DA1E00813E94 /* Frameworks */,
				3495CFEE2476DA1E00813E94 /* Resources */,
			);
			buildRules = (
			);
			dependencies = (
				3495CFF32476DA1E00813E94 /* PBXTargetDependency */,
			);
			name = CommonTests;
			productName = CommonTests;
			productReference = 3495CFF02476DA1E00813E94 /* CommonTests.xctest */;
			productType = "com.apple.product-type.bundle.unit-test";
		};
/* End PBXNativeTarget section */

/* Begin PBXProject section */
		3495CFDE2476DA1E00813E94 /* Project object */ = {
			isa = PBXProject;
			attributes = {
				DefaultBuildSystemTypeForWorkspace = Original;
				LastSwiftUpdateCheck = 1150;
				LastUpgradeCheck = 1150;
				ORGANIZATIONNAME = "Bliss Applications";
				TargetAttributes = {
					3495CFE62476DA1E00813E94 = {
						CreatedOnToolsVersion = 11.5;
						LastSwiftMigration = 1150;
					};
					3495CFEF2476DA1E00813E94 = {
						CreatedOnToolsVersion = 11.5;
					};
				};
			};
			buildConfigurationList = 3495CFE12476DA1E00813E94 /* Build configuration list for PBXProject "Common" */;
			compatibilityVersion = "Xcode 9.3";
			developmentRegion = en;
			hasScannedForEncodings = 0;
			knownRegions = (
				en,
				Base,
			);
			mainGroup = 3495CFDD2476DA1E00813E94;
			productRefGroup = 3495CFE82476DA1E00813E94 /* Products */;
			projectDirPath = "";
			projectRoot = "";
			targets = (
				3495CFE62476DA1E00813E94 /* Common */,
				3495CFEF2476DA1E00813E94 /* CommonTests */,
			);
		};
/* End PBXProject section */

/* Begin PBXResourcesBuildPhase section */
		3495CFE52476DA1E00813E94 /* Resources */ = {
			isa = PBXResourcesBuildPhase;
			buildActionMask = 2147483647;
			files = (
			);
			runOnlyForDeploymentPostprocessing = 0;
		};
		3495CFEE2476DA1E00813E94 /* Resources */ = {
			isa = PBXResourcesBuildPhase;
			buildActionMask = 2147483647;
			files = (
			);
			runOnlyForDeploymentPostprocessing = 0;
		};
/* End PBXResourcesBuildPhase section */

/* Begin PBXShellScriptBuildPhase section */
		8C24810B6D782DD9BD159F9E /* [CP] Check Pods Manifest.lock */ = {
			isa = PBXShellScriptBuildPhase;
			buildActionMask = 2147483647;
			files = (
			);
			inputFileListPaths = (
			);
			inputPaths = (
				"${PODS_PODFILE_DIR_PATH}/Podfile.lock",
				"${PODS_ROOT}/Manifest.lock",
			);
			name = "[CP] Check Pods Manifest.lock";
			outputFileListPaths = (
			);
			outputPaths = (
				"$(DERIVED_FILE_DIR)/Pods-Common-checkManifestLockResult.txt",
			);
			runOnlyForDeploymentPostprocessing = 0;
			shellPath = /bin/sh;
			shellScript = "diff \"${PODS_PODFILE_DIR_PATH}/Podfile.lock\" \"${PODS_ROOT}/Manifest.lock\" > /dev/null\nif [ $? != 0 ] ; then\n    # print error to STDERR\n    echo \"error: The sandbox is not in sync with the Podfile.lock. Run 'pod install' or update your CocoaPods installation.\" >&2\n    exit 1\nfi\n# This output is used by Xcode 'outputs' to avoid re-running this script phase.\necho \"SUCCESS\" > \"${SCRIPT_OUTPUT_FILE_0}\"\n";
			showEnvVarsInLog = 0;
		};
/* End PBXShellScriptBuildPhase section */

/* Begin PBXSourcesBuildPhase section */
		3495CFE32476DA1E00813E94 /* Sources */ = {
			isa = PBXSourcesBuildPhase;
			buildActionMask = 2147483647;
			files = (
				101E6DAF258FC95F00BD9943 /* Configure.swift in Sources */,
				10CFF938258FDF46005F7950 /* UIView+Extension.swift in Sources */,
				3495D0162476DAC000813E94 /* Logger.swift in Sources */,
				101E6DF2258FCBB200BD9943 /* AutoLayout.swift in Sources */,
				10CFFA4E2590B12B005F7950 /* UIScrollVIew+Extension.swift in Sources */,
				10CFF934258FDF0E005F7950 /* UITableView+Extension.swift in Sources */,
				10CFF97A258FE991005F7950 /* Constants.swift in Sources */,
			);
			runOnlyForDeploymentPostprocessing = 0;
		};
		3495CFEC2476DA1E00813E94 /* Sources */ = {
			isa = PBXSourcesBuildPhase;
			buildActionMask = 2147483647;
			files = (
				3495CFF62476DA1E00813E94 /* CommonTests.swift in Sources */,
			);
			runOnlyForDeploymentPostprocessing = 0;
		};
/* End PBXSourcesBuildPhase section */

/* Begin PBXTargetDependency section */
		3495CFF32476DA1E00813E94 /* PBXTargetDependency */ = {
			isa = PBXTargetDependency;
			target = 3495CFE62476DA1E00813E94 /* Common */;
			targetProxy = 3495CFF22476DA1E00813E94 /* PBXContainerItemProxy */;
		};
/* End PBXTargetDependency section */

/* Begin XCBuildConfiguration section */
		3495CFF92476DA1E00813E94 /* Debug */ = {
			isa = XCBuildConfiguration;
			buildSettings = {
				ALWAYS_SEARCH_USER_PATHS = NO;
				CLANG_ANALYZER_NONNULL = YES;
				CLANG_ANALYZER_NUMBER_OBJECT_CONVERSION = YES_AGGRESSIVE;
				CLANG_CXX_LANGUAGE_STANDARD = "gnu++14";
				CLANG_CXX_LIBRARY = "libc++";
				CLANG_ENABLE_MODULES = YES;
				CLANG_ENABLE_OBJC_ARC = YES;
				CLANG_ENABLE_OBJC_WEAK = YES;
				CLANG_WARN_BLOCK_CAPTURE_AUTORELEASING = YES;
				CLANG_WARN_BOOL_CONVERSION = YES;
				CLANG_WARN_COMMA = YES;
				CLANG_WARN_CONSTANT_CONVERSION = YES;
				CLANG_WARN_DEPRECATED_OBJC_IMPLEMENTATIONS = YES;
				CLANG_WARN_DIRECT_OBJC_ISA_USAGE = YES_ERROR;
				CLANG_WARN_DOCUMENTATION_COMMENTS = YES;
				CLANG_WARN_EMPTY_BODY = YES;
				CLANG_WARN_ENUM_CONVERSION = YES;
				CLANG_WARN_INFINITE_RECURSION = YES;
				CLANG_WARN_INT_CONVERSION = YES;
				CLANG_WARN_NON_LITERAL_NULL_CONVERSION = YES;
				CLANG_WARN_OBJC_IMPLICIT_RETAIN_SELF = YES;
				CLANG_WARN_OBJC_LITERAL_CONVERSION = YES;
				CLANG_WARN_OBJC_ROOT_CLASS = YES_ERROR;
				CLANG_WARN_RANGE_LOOP_ANALYSIS = YES;
				CLANG_WARN_STRICT_PROTOTYPES = YES;
				CLANG_WARN_SUSPICIOUS_MOVE = YES;
				CLANG_WARN_UNGUARDED_AVAILABILITY = YES_AGGRESSIVE;
				CLANG_WARN_UNREACHABLE_CODE = YES;
				CLANG_WARN__DUPLICATE_METHOD_MATCH = YES;
				COPY_PHASE_STRIP = NO;
				CURRENT_PROJECT_VERSION = 1;
				DEBUG_INFORMATION_FORMAT = dwarf;
				ENABLE_STRICT_OBJC_MSGSEND = YES;
				ENABLE_TESTABILITY = YES;
				GCC_C_LANGUAGE_STANDARD = gnu11;
				GCC_DYNAMIC_NO_PIC = NO;
				GCC_NO_COMMON_BLOCKS = YES;
				GCC_OPTIMIZATION_LEVEL = 0;
				GCC_PREPROCESSOR_DEFINITIONS = (
					"DEBUG=1",
					"$(inherited)",
				);
				GCC_WARN_64_TO_32_BIT_CONVERSION = YES;
				GCC_WARN_ABOUT_RETURN_TYPE = YES_ERROR;
				GCC_WARN_UNDECLARED_SELECTOR = YES;
				GCC_WARN_UNINITIALIZED_AUTOS = YES_AGGRESSIVE;
				GCC_WARN_UNUSED_FUNCTION = YES;
				GCC_WARN_UNUSED_VARIABLE = YES;
				IPHONEOS_DEPLOYMENT_TARGET = 11.1;
				MTL_ENABLE_DEBUG_INFO = INCLUDE_SOURCE;
				MTL_FAST_MATH = YES;
				ONLY_ACTIVE_ARCH = YES;
				SDKROOT = iphoneos;
				SWIFT_ACTIVE_COMPILATION_CONDITIONS = DEBUG;
				SWIFT_OPTIMIZATION_LEVEL = "-Onone";
				VERSIONING_SYSTEM = "apple-generic";
				VERSION_INFO_PREFIX = "";
			};
			name = Debug;
		};
		3495CFFA2476DA1E00813E94 /* Release */ = {
			isa = XCBuildConfiguration;
			buildSettings = {
				ALWAYS_SEARCH_USER_PATHS = NO;
				CLANG_ANALYZER_NONNULL = YES;
				CLANG_ANALYZER_NUMBER_OBJECT_CONVERSION = YES_AGGRESSIVE;
				CLANG_CXX_LANGUAGE_STANDARD = "gnu++14";
				CLANG_CXX_LIBRARY = "libc++";
				CLANG_ENABLE_MODULES = YES;
				CLANG_ENABLE_OBJC_ARC = YES;
				CLANG_ENABLE_OBJC_WEAK = YES;
				CLANG_WARN_BLOCK_CAPTURE_AUTORELEASING = YES;
				CLANG_WARN_BOOL_CONVERSION = YES;
				CLANG_WARN_COMMA = YES;
				CLANG_WARN_CONSTANT_CONVERSION = YES;
				CLANG_WARN_DEPRECATED_OBJC_IMPLEMENTATIONS = YES;
				CLANG_WARN_DIRECT_OBJC_ISA_USAGE = YES_ERROR;
				CLANG_WARN_DOCUMENTATION_COMMENTS = YES;
				CLANG_WARN_EMPTY_BODY = YES;
				CLANG_WARN_ENUM_CONVERSION = YES;
				CLANG_WARN_INFINITE_RECURSION = YES;
				CLANG_WARN_INT_CONVERSION = YES;
				CLANG_WARN_NON_LITERAL_NULL_CONVERSION = YES;
				CLANG_WARN_OBJC_IMPLICIT_RETAIN_SELF = YES;
				CLANG_WARN_OBJC_LITERAL_CONVERSION = YES;
				CLANG_WARN_OBJC_ROOT_CLASS = YES_ERROR;
				CLANG_WARN_RANGE_LOOP_ANALYSIS = YES;
				CLANG_WARN_STRICT_PROTOTYPES = YES;
				CLANG_WARN_SUSPICIOUS_MOVE = YES;
				CLANG_WARN_UNGUARDED_AVAILABILITY = YES_AGGRESSIVE;
				CLANG_WARN_UNREACHABLE_CODE = YES;
				CLANG_WARN__DUPLICATE_METHOD_MATCH = YES;
				COPY_PHASE_STRIP = NO;
				CURRENT_PROJECT_VERSION = 1;
				DEBUG_INFORMATION_FORMAT = "dwarf-with-dsym";
				ENABLE_NS_ASSERTIONS = NO;
				ENABLE_STRICT_OBJC_MSGSEND = YES;
				GCC_C_LANGUAGE_STANDARD = gnu11;
				GCC_NO_COMMON_BLOCKS = YES;
				GCC_WARN_64_TO_32_BIT_CONVERSION = YES;
				GCC_WARN_ABOUT_RETURN_TYPE = YES_ERROR;
				GCC_WARN_UNDECLARED_SELECTOR = YES;
				GCC_WARN_UNINITIALIZED_AUTOS = YES_AGGRESSIVE;
				GCC_WARN_UNUSED_FUNCTION = YES;
				GCC_WARN_UNUSED_VARIABLE = YES;
				IPHONEOS_DEPLOYMENT_TARGET = 11.1;
				MTL_ENABLE_DEBUG_INFO = NO;
				MTL_FAST_MATH = YES;
				SDKROOT = iphoneos;
				SWIFT_COMPILATION_MODE = wholemodule;
				SWIFT_OPTIMIZATION_LEVEL = "-O";
				VALIDATE_PRODUCT = YES;
				VERSIONING_SYSTEM = "apple-generic";
				VERSION_INFO_PREFIX = "";
			};
			name = Release;
		};
		3495CFFC2476DA1E00813E94 /* Debug */ = {
			isa = XCBuildConfiguration;
			baseConfigurationReference = 66952CE4A3193714B454998B /* Pods-Common.debug.xcconfig */;
			buildSettings = {
				CLANG_ENABLE_MODULES = YES;
				CODE_SIGN_STYLE = Automatic;
				DEFINES_MODULE = YES;
				DEVELOPMENT_TEAM = 8D69GAM5D6;
				DYLIB_COMPATIBILITY_VERSION = 1;
				DYLIB_CURRENT_VERSION = 1;
				DYLIB_INSTALL_NAME_BASE = "@rpath";
				INFOPLIST_FILE = Common/Info.plist;
				INSTALL_PATH = "$(LOCAL_LIBRARY_DIR)/Frameworks";
				IPHONEOS_DEPLOYMENT_TARGET = 11.1;
				LD_RUNPATH_SEARCH_PATHS = (
					"$(inherited)",
					"@executable_path/Frameworks",
					"@loader_path/Frameworks",
				);
				PRODUCT_BUNDLE_IDENTIFIER = com.blissapplications.Common;
				PRODUCT_NAME = "$(TARGET_NAME:c99extidentifier)";
				SKIP_INSTALL = YES;
				SWIFT_OPTIMIZATION_LEVEL = "-Onone";
				SWIFT_VERSION = 5.0;
				TARGETED_DEVICE_FAMILY = "1,2";
			};
			name = Debug;
		};
		3495CFFD2476DA1E00813E94 /* Release */ = {
			isa = XCBuildConfiguration;
			baseConfigurationReference = 4655414BC0CABBF2C57CC480 /* Pods-Common.release.xcconfig */;
			buildSettings = {
				CLANG_ENABLE_MODULES = YES;
				CODE_SIGN_STYLE = Automatic;
				DEFINES_MODULE = YES;
				DEVELOPMENT_TEAM = 8D69GAM5D6;
				DYLIB_COMPATIBILITY_VERSION = 1;
				DYLIB_CURRENT_VERSION = 1;
				DYLIB_INSTALL_NAME_BASE = "@rpath";
				INFOPLIST_FILE = Common/Info.plist;
				INSTALL_PATH = "$(LOCAL_LIBRARY_DIR)/Frameworks";
				IPHONEOS_DEPLOYMENT_TARGET = 11.1;
				LD_RUNPATH_SEARCH_PATHS = (
					"$(inherited)",
					"@executable_path/Frameworks",
					"@loader_path/Frameworks",
				);
				PRODUCT_BUNDLE_IDENTIFIER = com.blissapplications.Common;
				PRODUCT_NAME = "$(TARGET_NAME:c99extidentifier)";
				SKIP_INSTALL = YES;
				SWIFT_VERSION = 5.0;
				TARGETED_DEVICE_FAMILY = "1,2";
			};
			name = Release;
		};
		3495CFFF2476DA1E00813E94 /* Debug */ = {
			isa = XCBuildConfiguration;
			buildSettings = {
				ALWAYS_EMBED_SWIFT_STANDARD_LIBRARIES = YES;
				CODE_SIGN_STYLE = Automatic;
				DEVELOPMENT_TEAM = 8D69GAM5D6;
				INFOPLIST_FILE = CommonTests/Info.plist;
				LD_RUNPATH_SEARCH_PATHS = (
					"$(inherited)",
					"@executable_path/Frameworks",
					"@loader_path/Frameworks",
				);
				PRODUCT_BUNDLE_IDENTIFIER = com.blissapplications.CommonTests;
				PRODUCT_NAME = "$(TARGET_NAME)";
				SWIFT_VERSION = 5.0;
				TARGETED_DEVICE_FAMILY = "1,2";
			};
			name = Debug;
		};
		3495D0002476DA1E00813E94 /* Release */ = {
			isa = XCBuildConfiguration;
			buildSettings = {
				ALWAYS_EMBED_SWIFT_STANDARD_LIBRARIES = YES;
				CODE_SIGN_STYLE = Automatic;
				DEVELOPMENT_TEAM = 8D69GAM5D6;
				INFOPLIST_FILE = CommonTests/Info.plist;
				LD_RUNPATH_SEARCH_PATHS = (
					"$(inherited)",
					"@executable_path/Frameworks",
					"@loader_path/Frameworks",
				);
				PRODUCT_BUNDLE_IDENTIFIER = com.blissapplications.CommonTests;
				PRODUCT_NAME = "$(TARGET_NAME)";
				SWIFT_VERSION = 5.0;
				TARGETED_DEVICE_FAMILY = "1,2";
			};
			name = Release;
		};
/* End XCBuildConfiguration section */

/* Begin XCConfigurationList section */
		3495CFE12476DA1E00813E94 /* Build configuration list for PBXProject "Common" */ = {
			isa = XCConfigurationList;
			buildConfigurations = (
				3495CFF92476DA1E00813E94 /* Debug */,
				3495CFFA2476DA1E00813E94 /* Release */,
			);
			defaultConfigurationIsVisible = 0;
			defaultConfigurationName = Release;
		};
		3495CFFB2476DA1E00813E94 /* Build configuration list for PBXNativeTarget "Common" */ = {
			isa = XCConfigurationList;
			buildConfigurations = (
				3495CFFC2476DA1E00813E94 /* Debug */,
				3495CFFD2476DA1E00813E94 /* Release */,
			);
			defaultConfigurationIsVisible = 0;
			defaultConfigurationName = Release;
		};
		3495CFFE2476DA1E00813E94 /* Build configuration list for PBXNativeTarget "CommonTests" */ = {
			isa = XCConfigurationList;
			buildConfigurations = (
				3495CFFF2476DA1E00813E94 /* Debug */,
				3495D0002476DA1E00813E94 /* Release */,
			);
			defaultConfigurationIsVisible = 0;
			defaultConfigurationName = Release;
		};
/* End XCConfigurationList section */
	};
	rootObject = 3495CFDE2476DA1E00813E94 /* Project object */;
}
